
Microsoft Visual Studio Solution File, Format Version 12.00
# Visual Studio 15
VisualStudioVersion = 15.0.28307.645
MinimumVisualStudioVersion = 10.0.40219.1
Project("{FAE04EC0-301F-11D3-BF4B-00C04F79EFBC}") = "Calculator", "Calculator\Calculator.csproj", "{4549B396-F331-4DF9-94A4-B08F716DBAD2}"
EndProject
Global
	GlobalSection(SolutionConfigurationPlatforms) = preSolution
		Debug|Any CPU = Debug|Any CPU
		Release|Any CPU = Release|Any CPU
	EndGlobalSection
	GlobalSection(ProjectConfigurationPlatforms) = postSolution
		{4549B396-F331-4DF9-94A4-B08F716DBAD2}.Debug|Any CPU.ActiveCfg = Debug|Any CPU
		{4549B396-F331-4DF9-94A4-B08F716DBAD2}.Debug|Any CPU.Build.0 = Debug|Any CPU
		{4549B396-F331-4DF9-94A4-B08F716DBAD2}.Release|Any CPU.ActiveCfg = Release|Any CPU
		{4549B396-F331-4DF9-94A4-B08F716DBAD2}.Release|Any CPU.Build.0 = Release|Any CPU
	EndGlobalSection
	GlobalSection(SolutionProperties) = preSolution
		HideSolutionNode = FALSE
	EndGlobalSection
	GlobalSection(ExtensibilityGlobals) = postSolution
		SolutionGuid = {9D21D540-7CAB-40E8-A97B-AB05316BED18}
	EndGlobalSection
EndGlobal
